# THIS IS AN AUTOGENERATED FILE. DO NOT EDIT THIS FILE DIRECTLY.
# yarn lockfile v1


"@babel/generator@^7.25.0":
  version "7.25.6"
  resolved "https://registry.yarnpkg.com/@babel/generator/-/generator-7.25.6.tgz#0df1ad8cb32fe4d2b01d8bf437f153d19342a87c"
  integrity sha512-VPC82gr1seXOpkjAAKoLhP50vx4vGNlF4msF64dSFq1P8RfB+QAuJWGHPXXPc8QyfVWwwB/TNNU4+ayZmHNbZw==
  dependencies:
    "@babel/types" "^7.25.6"
    "@jridgewell/gen-mapping" "^0.3.5"
    "@jridgewell/trace-mapping" "^0.3.25"
    jsesc "^2.5.1"

"@babel/helper-string-parser@^7.24.8":
  version "7.24.8"
  resolved "https://registry.yarnpkg.com/@babel/helper-string-parser/-/helper-string-parser-7.24.8.tgz#5b3329c9a58803d5df425e5785865881a81ca48d"
  integrity sha512-pO9KhhRcuUyGnJWwyEgnRJTSIZHiT+vMD0kPeD+so0l7mxkMT19g3pjY9GTnHySck/hDzq+dtW/4VgnMkippsQ==

"@babel/helper-validator-identifier@^7.24.7":
  version "7.24.7"
  resolved "https://registry.yarnpkg.com/@babel/helper-validator-identifier/-/helper-validator-identifier-7.24.7.tgz#75b889cfaf9e35c2aaf42cf0d72c8e91719251db"
  integrity sha512-rR+PBcQ1SMQDDyF6X0wxtG8QyLCgUB0eRAGguqRLfkCA87l7yAP7ehq8SNj96OOGTO8OBV70KhuFYcIkHXOg0w==

"@babel/types@^7.25.2", "@babel/types@^7.25.6":
  version "7.25.6"
  resolved "https://registry.yarnpkg.com/@babel/types/-/types-7.25.6.tgz#893942ddb858f32ae7a004ec9d3a76b3463ef8e6"
  integrity sha512-/l42B1qxpG6RdfYf343Uw1vmDjeNhneUXtzhojE7pDgfpEypmRhI6j1kr17XCVv4Cgl9HdAiQY2x0GwKm7rWCw==
  dependencies:
    "@babel/helper-string-parser" "^7.24.8"
    "@babel/helper-validator-identifier" "^7.24.7"
    to-fast-properties "^2.0.0"

"@jridgewell/gen-mapping@^0.3.5":
  version "0.3.5"
  resolved "https://registry.yarnpkg.com/@jridgewell/gen-mapping/-/gen-mapping-0.3.5.tgz#dcce6aff74bdf6dad1a95802b69b04a2fcb1fb36"
  integrity sha512-IzL8ZoEDIBRWEzlCcRhOaCupYyN5gdIK+Q6fbFdPDg6HqX6jpkItn7DFIpW9LQzXG6Df9sA7+OKnq0qlz/GaQg==
  dependencies:
    "@jridgewell/set-array" "^1.2.1"
    "@jridgewell/sourcemap-codec" "^1.4.10"
    "@jridgewell/trace-mapping" "^0.3.24"

"@jridgewell/resolve-uri@^3.1.0":
  version "3.1.2"
  resolved "https://registry.yarnpkg.com/@jridgewell/resolve-uri/-/resolve-uri-3.1.2.tgz#7a0ee601f60f99a20c7c7c5ff0c80388c1189bd6"
  integrity sha512-bRISgCIjP20/tbWSPWMEi54QVPRZExkuD9lJL+UIxUKtwVJA8wW1Trb1jMs1RFXo1CBTNZ/5hpC9QvmKWdopKw==

"@jridgewell/set-array@^1.2.1":
  version "1.2.1"
  resolved "https://registry.yarnpkg.com/@jridgewell/set-array/-/set-array-1.2.1.tgz#558fb6472ed16a4c850b889530e6b36438c49280"
  integrity sha512-R8gLRTZeyp03ymzP/6Lil/28tGeGEzhx1q2k703KGWRAI1VdvPIXdG70VJc2pAMw3NA6JKL5hhFu1sJX0Mnn/A==

"@jridgewell/sourcemap-codec@^1.4.10", "@jridgewell/sourcemap-codec@^1.4.14":
  version "1.5.0"
  resolved "https://registry.yarnpkg.com/@jridgewell/sourcemap-codec/-/sourcemap-codec-1.5.0.tgz#3188bcb273a414b0d215fd22a58540b989b9409a"
  integrity sha512-gv3ZRaISU3fjPAgNsriBRqGWQL6quFx04YMPW/zD8XMLsU32mhCCbfbO6KZFLjvYpCZ8zyDEgqsgf+PwPaM7GQ==

"@jridgewell/trace-mapping@^0.3.24", "@jridgewell/trace-mapping@^0.3.25":
  version "0.3.25"
  resolved "https://registry.yarnpkg.com/@jridgewell/trace-mapping/-/trace-mapping-0.3.25.tgz#15f190e98895f3fc23276ee14bc76b675c2e50f0"
  integrity sha512-vNk6aEwybGtawWmy/PzwnGDOjCkLWSD2wqvjGGAgOAwCGWySYXfYoxt00IJkTF+8Lb57DwOb3Aa0o9CApepiYQ==
  dependencies:
    "@jridgewell/resolve-uri" "^3.1.0"
    "@jridgewell/sourcemap-codec" "^1.4.14"

antlr4@^4.13.1-patch-1:
  version "4.13.2"
  resolved "https://registry.yarnpkg.com/antlr4/-/antlr4-4.13.2.tgz#0d084ad0e32620482a9c3a0e2470c02e72e4006d"
  integrity sha512-QiVbZhyy4xAZ17UPEuG3YTOt8ZaoeOR1CvEAqrEsDBsOqINslaB147i9xqljZqoyf5S+EUlGStaj+t22LT9MOg==

commander@^11.1.0:
  version "11.1.0"
  resolved "https://registry.yarnpkg.com/commander/-/commander-11.1.0.tgz#62fdce76006a68e5c1ab3314dc92e800eb83d906"
  integrity sha512-yPVavfyCcRhmorC7rWlkHn15b4wDVgVmBA7kV4QVBsF7kv/9TKJAbAXVTxvTnwP8HHKjRCJDClKbciiYS7p0DQ==

jsesc@^2.5.1:
  version "2.5.2"
  resolved "https://registry.yarnpkg.com/jsesc/-/jsesc-2.5.2.tgz#80564d2e483dacf6e8ef209650a67df3f0c283a4"
  integrity sha512-OYu7XEzjkCQ3C5Ps3QIZsQfNpqoJyZZA99wd9aWd05NCtC5pWOkShK2mkL6HXQR6/Cy2lbNdPlZBpuQHXE63gA==

kestrel-lang@0.0.27:
  version "0.0.27"
  resolved "https://registry.yarnpkg.com/kestrel-lang/-/kestrel-lang-0.0.27.tgz#bd59511d4379183c9403f250ec850f664ef66eb0"
  integrity sha512-Oqlcer8d38bLjPo/dqp5p3Kv0J9r6VcnHXyLo1offvfLW+iwHsfd+T5MkcA73WObeQzgHpDs8+LPgw9K8Vz5vQ==
  dependencies:
    "@babel/generator" "^7.25.0"
    "@babel/types" "^7.25.2"
    antlr4 "^4.13.1-patch-1"
    commander "^11.1.0"
    ts-decode "^0.0.14"
    vscode-languageserver "^10.0.0-next.6"
    vscode-languageserver-textdocument "^1.0.11"

prettier@^3.3.3:
  version "3.3.3"
  resolved "https://registry.yarnpkg.com/prettier/-/prettier-3.3.3.tgz#30c54fe0be0d8d12e6ae61dbb10109ea00d53105"
  integrity sha512-i2tDNA0O5IrMO757lfrdQZCc2jPNDVntV0m/+4whiDfWaTKfMNgR7Qz0NAeGz/nRqF4m5/6CLzbP4/liHt12Ew==

to-fast-properties@^2.0.0:
  version "2.0.0"
  resolved "https://registry.yarnpkg.com/to-fast-properties/-/to-fast-properties-2.0.0.tgz#dc5e698cbd079265bc73e0377681a4e4e83f616e"
  integrity sha512-/OaKK0xYrs3DmxRYqL/yDc+FxFUVYhDlXMhRmv3z915w2HF1tnN1omB354j8VUGO/hbRzyD6Y3sA7v7GS/ceog==

ts-decode@^0.0.14:
  version "0.0.14"
  resolved "https://registry.yarnpkg.com/ts-decode/-/ts-decode-0.0.14.tgz#516d24d0a2f885c34d248e95d16bd8d42360ef2a"
  integrity sha512-RaE5ySP3OpoD6YSPqiFB+RBjJkBCSTI/3uuGGy5IqaLM9PZDGVjS+0BuMekmmhXfD2dOtIuRMaTBtC7l/llndw==

vscode-jsonrpc@9.0.0-next.6:
  version "9.0.0-next.6"
  resolved "https://registry.yarnpkg.com/vscode-jsonrpc/-/vscode-jsonrpc-9.0.0-next.6.tgz#144f520de88b736c6f04ec205dcee9d4b503a0b8"
  integrity sha512-KCSvUNsFiVciG9iqjJKBZOd66CN3ZKohDlYRmoOi+pd8l15MFLZ8wRG4c+wuzePGba/8WcCG2TM+C/GVlvuaeA==

vscode-languageserver-protocol@3.17.6-next.11:
  version "3.17.6-next.11"
  resolved "https://registry.yarnpkg.com/vscode-languageserver-protocol/-/vscode-languageserver-protocol-3.17.6-next.11.tgz#fe5b1f810f91b81d4bfb97aa8e913531d06a444d"
  integrity sha512-GeJxEp1TiLsp79f8WG5n10wLViXfgFKb99hU9K8m7KDWM95/QFEqWkm79f9LVm54tUK74I91a9EeiQLCS/FABQ==
  dependencies:
    vscode-jsonrpc "9.0.0-next.6"
    vscode-languageserver-types "3.17.6-next.5"

vscode-languageserver-textdocument@^1.0.11:
  version "1.0.11"
  resolved "https://registry.yarnpkg.com/vscode-languageserver-textdocument/-/vscode-languageserver-textdocument-1.0.11.tgz#0822a000e7d4dc083312580d7575fe9e3ba2e2bf"
  integrity sha512-X+8T3GoiwTVlJbicx/sIAF+yuJAqz8VvwJyoMVhwEMoEKE/fkDmrqUgDMyBECcM2A2frVZIUj5HI/ErRXCfOeA==

vscode-languageserver-types@3.17.6-next.5:
  version "3.17.6-next.5"
  resolved "https://registry.yarnpkg.com/vscode-languageserver-types/-/vscode-languageserver-types-3.17.6-next.5.tgz#8c8545e0504ae017b8ee1ca43db9ea6ca6f451fa"
  integrity sha512-QFmf3Yl1tCgUQfA77N9Me/LXldJXkIVypQbty2rJ1DNHQkC+iwvm4Z2tXg9czSwlhvv0pD4pbF5mT7WhAglolw==

vscode-languageserver@^10.0.0-next.6:
  version "10.0.0-next.11"
  resolved "https://registry.yarnpkg.com/vscode-languageserver/-/vscode-languageserver-10.0.0-next.11.tgz#0810767b8448ba925c246cb83a51c994aa71978a"
  integrity sha512-cmobSrVDYhlh/t02vz/bV8nNpds8mus5HnILULae2iAvOjoaJPnTAp0jJWoYdUqTpIVzT9JV6JMKqLEvdqpeqg==
  dependencies:
    vscode-languageserver-protocol "3.17.6-next.11"
